
Microsoft Visual Studio Solution File, Format Version 12.00
Project("{FAE04EC0-301F-11D3-BF4B-00C04F79EFBC}") = "ShuKnow.Host", "ShuKnow.Host\ShuKnow.Host.csproj", "{E407456D-2505-4B39-B158-8A6B6839D180}"
EndProject
Project("{FAE04EC0-301F-11D3-BF4B-00C04F79EFBC}") = "ShuKnow.Application", "ShuKnow.Application\ShuKnow.Application.csproj", "{374BCAAD-1F0D-4FA6-A2BC-A5509ED3E753}"
EndProject
Project("{FAE04EC0-301F-11D3-BF4B-00C04F79EFBC}") = "ShuKnow.Domain", "ShuKnow.Domain\ShuKnow.Domain.csproj", "{59E44F71-2C83-4DA0-AE35-3BD40B595635}"
EndProject
Project("{FAE04EC0-301F-11D3-BF4B-00C04F79EFBC}") = "ShuKnow.Infrastructure", "ShuKnow.Infrastructure\ShuKnow.Infrastructure.csproj", "{4C752675-7E1F-4D6D-B196-DEA5EBCDA83A}"
EndProject
Project("{FAE04EC0-301F-11D3-BF4B-00C04F79EFBC}") = "ShuKnow.WebAPI", "ShuKnow.WebAPI\ShuKnow.WebAPI.csproj", "{308DD397-F486-4519-BF2C-7948F47CE037}"
EndProject
Project("{FAE04EC0-301F-11D3-BF4B-00C04F79EFBC}") = "ShuKnow.Application.Tests", "ShuKnow.Application.Tests\ShuKnow.Application.Tests.csproj", "{5104ADFC-BB06-4034-A076-16CDC6869117}"
EndProject
Project("{FAE04EC0-301F-11D3-BF4B-00C04F79EFBC}") = "ShuKnow.Infrastructure.Tests", "ShuKnow.Infrastructure.Tests\ShuKnow.Infrastructure.Tests.csproj", "{3B8713C2-D296-4E97-98B0-F9262D12E495}"
EndProject
Project("{FAE04EC0-301F-11D3-BF4B-00C04F79EFBC}") = "ShuKnow.Infrastructure.IntegrationTests", "ShuKnow.Infrastructure.IntegrationTests\ShuKnow.Infrastructure.IntegrationTests.csproj", "{96F140AB-23E1-4092-BB16-EBB3BD6BF992}"
EndProject
Project("{FAE04EC0-301F-11D3-BF4B-00C04F79EFBC}") = "ShuKnow.Metrics", "ShuKnow.Metrics\ShuKnow.Metrics.csproj", "{65060A1E-1904-463D-B23B-030536C0B426}"
EndProject
Global
	GlobalSection(SolutionConfigurationPlatforms) = preSolution
		Debug|Any CPU = Debug|Any CPU
		Release|Any CPU = Release|Any CPU
	EndGlobalSection
	GlobalSection(ProjectConfigurationPlatforms) = postSolution
		{E407456D-2505-4B39-B158-8A6B6839D180}.Debug|Any CPU.ActiveCfg = Debug|Any CPU
		{E407456D-2505-4B39-B158-8A6B6839D180}.Debug|Any CPU.Build.0 = Debug|Any CPU
		{E407456D-2505-4B39-B158-8A6B6839D180}.Release|Any CPU.ActiveCfg = Release|Any CPU
		{E407456D-2505-4B39-B158-8A6B6839D180}.Release|Any CPU.Build.0 = Release|Any CPU
		{374BCAAD-1F0D-4FA6-A2BC-A5509ED3E753}.Debug|Any CPU.ActiveCfg = Debug|Any CPU
		{374BCAAD-1F0D-4FA6-A2BC-A5509ED3E753}.Debug|Any CPU.Build.0 = Debug|Any CPU
		{374BCAAD-1F0D-4FA6-A2BC-A5509ED3E753}.Release|Any CPU.ActiveCfg = Release|Any CPU
		{374BCAAD-1F0D-4FA6-A2BC-A5509ED3E753}.Release|Any CPU.Build.0 = Release|Any CPU
		{59E44F71-2C83-4DA0-AE35-3BD40B595635}.Debug|Any CPU.ActiveCfg = Debug|Any CPU
		{59E44F71-2C83-4DA0-AE35-3BD40B595635}.Debug|Any CPU.Build.0 = Debug|Any CPU
		{59E44F71-2C83-4DA0-AE35-3BD40B595635}.Release|Any CPU.ActiveCfg = Release|Any CPU
		{59E44F71-2C83-4DA0-AE35-3BD40B595635}.Release|Any CPU.Build.0 = Release|Any CPU
		{4C752675-7E1F-4D6D-B196-DEA5EBCDA83A}.Debug|Any CPU.ActiveCfg = Debug|Any CPU
		{4C752675-7E1F-4D6D-B196-DEA5EBCDA83A}.Debug|Any CPU.Build.0 = Debug|Any CPU
		{4C752675-7E1F-4D6D-B196-DEA5EBCDA83A}.Release|Any CPU.ActiveCfg = Release|Any CPU
		{4C752675-7E1F-4D6D-B196-DEA5EBCDA83A}.Release|Any CPU.Build.0 = Release|Any CPU
		{308DD397-F486-4519-BF2C-7948F47CE037}.Debug|Any CPU.ActiveCfg = Debug|Any CPU
		{308DD397-F486-4519-BF2C-7948F47CE037}.Debug|Any CPU.Build.0 = Debug|Any CPU
		{308DD397-F486-4519-BF2C-7948F47CE037}.Release|Any CPU.ActiveCfg = Release|Any CPU
		{308DD397-F486-4519-BF2C-7948F47CE037}.Release|Any CPU.Build.0 = Release|Any CPU
		{5104ADFC-BB06-4034-A076-16CDC6869117}.Debug|Any CPU.ActiveCfg = Debug|Any CPU
		{5104ADFC-BB06-4034-A076-16CDC6869117}.Debug|Any CPU.Build.0 = Debug|Any CPU
		{5104ADFC-BB06-4034-A076-16CDC6869117}.Release|Any CPU.ActiveCfg = Release|Any CPU
		{5104ADFC-BB06-4034-A076-16CDC6869117}.Release|Any CPU.Build.0 = Release|Any CPU
		{3B8713C2-D296-4E97-98B0-F9262D12E495}.Debug|Any CPU.ActiveCfg = Debug|Any CPU
		{3B8713C2-D296-4E97-98B0-F9262D12E495}.Debug|Any CPU.Build.0 = Debug|Any CPU
		{3B8713C2-D296-4E97-98B0-F9262D12E495}.Release|Any CPU.ActiveCfg = Release|Any CPU
		{3B8713C2-D296-4E97-98B0-F9262D12E495}.Release|Any CPU.Build.0 = Release|Any CPU
		{96F140AB-23E1-4092-BB16-EBB3BD6BF992}.Debug|Any CPU.ActiveCfg = Debug|Any CPU
		{96F140AB-23E1-4092-BB16-EBB3BD6BF992}.Debug|Any CPU.Build.0 = Debug|Any CPU
		{96F140AB-23E1-4092-BB16-EBB3BD6BF992}.Release|Any CPU.ActiveCfg = Release|Any CPU
		{96F140AB-23E1-4092-BB16-EBB3BD6BF992}.Release|Any CPU.Build.0 = Release|Any CPU
		{65060A1E-1904-463D-B23B-030536C0B426}.Debug|Any CPU.ActiveCfg = Debug|Any CPU
		{65060A1E-1904-463D-B23B-030536C0B426}.Debug|Any CPU.Build.0 = Debug|Any CPU
		{65060A1E-1904-463D-B23B-030536C0B426}.Release|Any CPU.ActiveCfg = Release|Any CPU
		{65060A1E-1904-463D-B23B-030536C0B426}.Release|Any CPU.Build.0 = Release|Any CPU
	EndGlobalSection
EndGlobal
